
Microsoft Visual Studio Solution File, Format Version 12.00
# Visual Studio 15
VisualStudioVersion = 15.0.26730.16
MinimumVisualStudioVersion = 10.0.40219.1
Project("{FAE04EC0-301F-11D3-BF4B-00C04F79EFBC}") = "StocksDecision", "StocksDecision\StocksDecision.csproj", "{E3259BD2-EDE0-4511-A42B-C3C578E98AD6}"
EndProject
Project("{FAE04EC0-301F-11D3-BF4B-00C04F79EFBC}") = "StocksUpdater", "StocksUpdater\StocksUpdater.csproj", "{6D654969-EC6E-4A67-83C2-06B5C34E09FA}"
EndProject
Project("{FAE04EC0-301F-11D3-BF4B-00C04F79EFBC}") = "UnitTestProject", "UnitTestProject\UnitTestProject.csproj", "{427AA0F9-5054-4FE5-8054-AD8EDDF9D4C0}"
EndProject
Global
	GlobalSection(SolutionConfigurationPlatforms) = preSolution
		Debug|Any CPU = Debug|Any CPU
		Release|Any CPU = Release|Any CPU
	EndGlobalSection
	GlobalSection(ProjectConfigurationPlatforms) = postSolution
		{E3259BD2-EDE0-4511-A42B-C3C578E98AD6}.Debug|Any CPU.ActiveCfg = Debug|Any CPU
		{E3259BD2-EDE0-4511-A42B-C3C578E98AD6}.Debug|Any CPU.Build.0 = Debug|Any CPU
		{E3259BD2-EDE0-4511-A42B-C3C578E98AD6}.Release|Any CPU.ActiveCfg = Release|Any CPU
		{E3259BD2-EDE0-4511-A42B-C3C578E98AD6}.Release|Any CPU.Build.0 = Release|Any CPU
		{6D654969-EC6E-4A67-83C2-06B5C34E09FA}.Debug|Any CPU.ActiveCfg = Debug|Any CPU
		{6D654969-EC6E-4A67-83C2-06B5C34E09FA}.Debug|Any CPU.Build.0 = Debug|Any CPU
		{6D654969-EC6E-4A67-83C2-06B5C34E09FA}.Release|Any CPU.ActiveCfg = Release|Any CPU
		{6D654969-EC6E-4A67-83C2-06B5C34E09FA}.Release|Any CPU.Build.0 = Release|Any CPU
		{427AA0F9-5054-4FE5-8054-AD8EDDF9D4C0}.Debug|Any CPU.ActiveCfg = Debug|Any CPU
		{427AA0F9-5054-4FE5-8054-AD8EDDF9D4C0}.Debug|Any CPU.Build.0 = Debug|Any CPU
		{427AA0F9-5054-4FE5-8054-AD8EDDF9D4C0}.Release|Any CPU.ActiveCfg = Release|Any CPU
		{427AA0F9-5054-4FE5-8054-AD8EDDF9D4C0}.Release|Any CPU.Build.0 = Release|Any CPU
	EndGlobalSection
	GlobalSection(SolutionProperties) = preSolution
		HideSolutionNode = FALSE
	EndGlobalSection
	GlobalSection(ExtensibilityGlobals) = postSolution
		SolutionGuid = {8DEF389B-F297-4A5D-9E6B-620784BE05A1}
	EndGlobalSection
EndGlobal
